
Microsoft Visual Studio Solution File, Format Version 12.00
# Visual Studio Version 16
VisualStudioVersion = 16.0.29324.140
MinimumVisualStudioVersion = 10.0.40219.1
Project("{FAE04EC0-301F-11D3-BF4B-00C04F79EFBC}") = "nikSimeticNebeskoTijelo", "nikSimeticNebeskoTijelo\nikSimeticNebeskoTijelo.csproj", "{483590AA-CF1F-4E2D-8586-2DF8301DA7FB}"
EndProject
Global
	GlobalSection(SolutionConfigurationPlatforms) = preSolution
		Debug|Any CPU = Debug|Any CPU
		Release|Any CPU = Release|Any CPU
	EndGlobalSection
	GlobalSection(ProjectConfigurationPlatforms) = postSolution
		{483590AA-CF1F-4E2D-8586-2DF8301DA7FB}.Debug|Any CPU.ActiveCfg = Debug|Any CPU
		{483590AA-CF1F-4E2D-8586-2DF8301DA7FB}.Debug|Any CPU.Build.0 = Debug|Any CPU
		{483590AA-CF1F-4E2D-8586-2DF8301DA7FB}.Release|Any CPU.ActiveCfg = Release|Any CPU
		{483590AA-CF1F-4E2D-8586-2DF8301DA7FB}.Release|Any CPU.Build.0 = Release|Any CPU
	EndGlobalSection
	GlobalSection(SolutionProperties) = preSolution
		HideSolutionNode = FALSE
	EndGlobalSection
	GlobalSection(ExtensibilityGlobals) = postSolution
		SolutionGuid = {37F400F9-6069-4064-8693-87C67005BC1C}
	EndGlobalSection
EndGlobal
